
Microsoft Visual Studio Solution File, Format Version 12.00
# Visual Studio 15
VisualStudioVersion = 15.0.27428.2015
MinimumVisualStudioVersion = 10.0.40219.1
Project("{9A19103F-16F7-4668-BE54-9A1E7A4F7556}") = "ContentSearch.Web", "ContentSearch.Web\ContentSearch.Web.csproj", "{B68ED4A5-F871-49A6-8E20-909D2B511600}"
EndProject
Project("{FAE04EC0-301F-11D3-BF4B-00C04F79EFBC}") = "ContentSearch.Services", "ContentSearch.Services\ContentSearch.Services.csproj", "{C08A5B7A-56B1-452E-888D-C6D5B6AE4B8B}"
EndProject
Project("{FAE04EC0-301F-11D3-BF4B-00C04F79EFBC}") = "ContentSearch.Models", "ContentSearch.Models\ContentSearch.Models.csproj", "{9D8B77CC-D070-4A8E-8BD8-9CCC2960C075}"
EndProject
Project("{FAE04EC0-301F-11D3-BF4B-00C04F79EFBC}") = "ContentSearch.Repositories", "ContentSearch.Repositories\ContentSearch.Repositories.csproj", "{E900C7FE-20CB-4F15-87DC-6AC05A9F050A}"
EndProject
Global
	GlobalSection(SolutionConfigurationPlatforms) = preSolution
		Debug|Any CPU = Debug|Any CPU
		Release|Any CPU = Release|Any CPU
	EndGlobalSection
	GlobalSection(ProjectConfigurationPlatforms) = postSolution
		{B68ED4A5-F871-49A6-8E20-909D2B511600}.Debug|Any CPU.ActiveCfg = Debug|Any CPU
		{B68ED4A5-F871-49A6-8E20-909D2B511600}.Debug|Any CPU.Build.0 = Debug|Any CPU
		{B68ED4A5-F871-49A6-8E20-909D2B511600}.Release|Any CPU.ActiveCfg = Release|Any CPU
		{B68ED4A5-F871-49A6-8E20-909D2B511600}.Release|Any CPU.Build.0 = Release|Any CPU
		{C08A5B7A-56B1-452E-888D-C6D5B6AE4B8B}.Debug|Any CPU.ActiveCfg = Debug|Any CPU
		{C08A5B7A-56B1-452E-888D-C6D5B6AE4B8B}.Debug|Any CPU.Build.0 = Debug|Any CPU
		{C08A5B7A-56B1-452E-888D-C6D5B6AE4B8B}.Release|Any CPU.ActiveCfg = Release|Any CPU
		{C08A5B7A-56B1-452E-888D-C6D5B6AE4B8B}.Release|Any CPU.Build.0 = Release|Any CPU
		{9D8B77CC-D070-4A8E-8BD8-9CCC2960C075}.Debug|Any CPU.ActiveCfg = Debug|Any CPU
		{9D8B77CC-D070-4A8E-8BD8-9CCC2960C075}.Debug|Any CPU.Build.0 = Debug|Any CPU
		{9D8B77CC-D070-4A8E-8BD8-9CCC2960C075}.Release|Any CPU.ActiveCfg = Release|Any CPU
		{9D8B77CC-D070-4A8E-8BD8-9CCC2960C075}.Release|Any CPU.Build.0 = Release|Any CPU
		{E900C7FE-20CB-4F15-87DC-6AC05A9F050A}.Debug|Any CPU.ActiveCfg = Debug|Any CPU
		{E900C7FE-20CB-4F15-87DC-6AC05A9F050A}.Debug|Any CPU.Build.0 = Debug|Any CPU
		{E900C7FE-20CB-4F15-87DC-6AC05A9F050A}.Release|Any CPU.ActiveCfg = Release|Any CPU
		{E900C7FE-20CB-4F15-87DC-6AC05A9F050A}.Release|Any CPU.Build.0 = Release|Any CPU
	EndGlobalSection
	GlobalSection(SolutionProperties) = preSolution
		HideSolutionNode = FALSE
	EndGlobalSection
	GlobalSection(ExtensibilityGlobals) = postSolution
		SolutionGuid = {31E0D748-A22F-4279-AFE7-7F5B97597A5E}
	EndGlobalSection
EndGlobal
