
Microsoft Visual Studio Solution File, Format Version 12.00
# Visual Studio 15
VisualStudioVersion = 15.0.27428.2015
MinimumVisualStudioVersion = 10.0.40219.1
Project("{FAE04EC0-301F-11D3-BF4B-00C04F79EFBC}") = "ContentSearch.Web", "ContentSearch.Web\ContentSearch.Web.csproj", "{B68ED4A5-F871-49A6-8E20-909D2B511600}"
EndProject
Global
	GlobalSection(SolutionConfigurationPlatforms) = preSolution
		Debug|Any CPU = Debug|Any CPU
		Release|Any CPU = Release|Any CPU
	EndGlobalSection
	GlobalSection(ProjectConfigurationPlatforms) = postSolution
		{B68ED4A5-F871-49A6-8E20-909D2B511600}.Debug|Any CPU.ActiveCfg = Debug|Any CPU
		{B68ED4A5-F871-49A6-8E20-909D2B511600}.Debug|Any CPU.Build.0 = Debug|Any CPU
		{B68ED4A5-F871-49A6-8E20-909D2B511600}.Release|Any CPU.ActiveCfg = Release|Any CPU
		{B68ED4A5-F871-49A6-8E20-909D2B511600}.Release|Any CPU.Build.0 = Release|Any CPU
	EndGlobalSection
	GlobalSection(SolutionProperties) = preSolution
		HideSolutionNode = FALSE
	EndGlobalSection
	GlobalSection(ExtensibilityGlobals) = postSolution
		SolutionGuid = {31E0D748-A22F-4279-AFE7-7F5B97597A5E}
	EndGlobalSection
EndGlobal
